
Microsoft Visual Studio Solution File, Format Version 12.00
# Visual Studio Version 17
VisualStudioVersion = 17.4.33122.133
MinimumVisualStudioVersion = 10.0.40219.1
Project("{FAE04EC0-301F-11D3-BF4B-00C04F79EFBC}") = "DevAdventCalandarMod", "DevAdventCalandarMod\DevAdventCalandarMod.csproj", "{FA6D40BF-BF4F-4895-A370-760C54137A38}"
EndProject
Global
	GlobalSection(SolutionConfigurationPlatforms) = preSolution
		Debug|Any CPU = Debug|Any CPU
		Release|Any CPU = Release|Any CPU
	EndGlobalSection
	GlobalSection(ProjectConfigurationPlatforms) = postSolution
		{FA6D40BF-BF4F-4895-A370-760C54137A38}.Debug|Any CPU.ActiveCfg = Debug|Any CPU
		{FA6D40BF-BF4F-4895-A370-760C54137A38}.Debug|Any CPU.Build.0 = Debug|Any CPU
		{FA6D40BF-BF4F-4895-A370-760C54137A38}.Release|Any CPU.ActiveCfg = Release|Any CPU
		{FA6D40BF-BF4F-4895-A370-760C54137A38}.Release|Any CPU.Build.0 = Release|Any CPU
	EndGlobalSection
	GlobalSection(SolutionProperties) = preSolution
		HideSolutionNode = FALSE
	EndGlobalSection
	GlobalSection(ExtensibilityGlobals) = postSolution
		SolutionGuid = {34480292-61C2-473A-B569-C5F0FC4F73EC}
	EndGlobalSection
EndGlobal
